
Microsoft Visual Studio Solution File, Format Version 12.00
# Visual Studio Version 17
VisualStudioVersion = 17.3.32825.248
MinimumVisualStudioVersion = 10.0.40219.1
Project("{54A90642-561A-4BB1-A94E-469ADEE60C69}") = "EmployeesApp", "EmployeesApp.esproj", "{88F35369-17EF-42D8-A0FC-5763B0E9B228}"
EndProject
Project("{FAE04EC0-301F-11D3-BF4B-00C04F79EFBC}") = "EmployeesAPI", "..\EmployeesAPI\EmployeesAPI.csproj", "{037312DD-187C-4A0E-A551-19768F8F0E01}"
EndProject
Global
	GlobalSection(SolutionConfigurationPlatforms) = preSolution
		Debug|Any CPU = Debug|Any CPU
		Release|Any CPU = Release|Any CPU
	EndGlobalSection
	GlobalSection(ProjectConfigurationPlatforms) = postSolution
		{88F35369-17EF-42D8-A0FC-5763B0E9B228}.Debug|Any CPU.ActiveCfg = Debug|Any CPU
		{88F35369-17EF-42D8-A0FC-5763B0E9B228}.Debug|Any CPU.Build.0 = Debug|Any CPU
		{88F35369-17EF-42D8-A0FC-5763B0E9B228}.Debug|Any CPU.Deploy.0 = Debug|Any CPU
		{88F35369-17EF-42D8-A0FC-5763B0E9B228}.Release|Any CPU.ActiveCfg = Release|Any CPU
		{88F35369-17EF-42D8-A0FC-5763B0E9B228}.Release|Any CPU.Build.0 = Release|Any CPU
		{88F35369-17EF-42D8-A0FC-5763B0E9B228}.Release|Any CPU.Deploy.0 = Release|Any CPU
		{037312DD-187C-4A0E-A551-19768F8F0E01}.Debug|Any CPU.ActiveCfg = Debug|Any CPU
		{037312DD-187C-4A0E-A551-19768F8F0E01}.Debug|Any CPU.Build.0 = Debug|Any CPU
		{037312DD-187C-4A0E-A551-19768F8F0E01}.Release|Any CPU.ActiveCfg = Release|Any CPU
		{037312DD-187C-4A0E-A551-19768F8F0E01}.Release|Any CPU.Build.0 = Release|Any CPU
	EndGlobalSection
	GlobalSection(SolutionProperties) = preSolution
		HideSolutionNode = FALSE
	EndGlobalSection
	GlobalSection(ExtensibilityGlobals) = postSolution
		SolutionGuid = {56AA4D56-8469-4CB2-BB14-0FE3C5BDE2CD}
	EndGlobalSection
EndGlobal
